Microsoft Visual Studio Solution File, Format Version 12.00
# Visual Studio Version 17
VisualStudioVersion = 17.5.2.0
MinimumVisualStudioVersion = 10.0.40219.1
Project("{FAE04EC0-301F-11D3-BF4B-00C04F79EFBC}") = "push_notif", "push_notif.csproj", "{81F49AB0-25F9-FD31-3CD1-3FB9A4C487B2}"
EndProject
Global
	GlobalSection(SolutionConfigurationPlatforms) = preSolution
		Debug|Any CPU = Debug|Any CPU
		Release|Any CPU = Release|Any CPU
	EndGlobalSection
	GlobalSection(ProjectConfigurationPlatforms) = postSolution
		{81F49AB0-25F9-FD31-3CD1-3FB9A4C487B2}.Debug|Any CPU.ActiveCfg = Debug|Any CPU
		{81F49AB0-25F9-FD31-3CD1-3FB9A4C487B2}.Debug|Any CPU.Build.0 = Debug|Any CPU
		{81F49AB0-25F9-FD31-3CD1-3FB9A4C487B2}.Release|Any CPU.ActiveCfg = Release|Any CPU
		{81F49AB0-25F9-FD31-3CD1-3FB9A4C487B2}.Release|Any CPU.Build.0 = Release|Any CPU
	EndGlobalSection
	GlobalSection(SolutionProperties) = preSolution
		HideSolutionNode = FALSE
	EndGlobalSection
	GlobalSection(ExtensibilityGlobals) = postSolution
		SolutionGuid = {DC9ABA81-121E-48DB-BB49-F3FEA134F2E3}
	EndGlobalSection
EndGlobal
